# This file is automatically @generated by Poetry 1.7.1 and should not be changed by hand.

[[package]]
name = "colorama"
version = "0.4.6"
description = "Cross-platform colored terminal text."
optional = false
python-versions = "!=3.0.*,!=3.1.*,!=3.2.*,!=3.3.*,!=3.4.*,!=3.5.*,!=3.6.*,>=2.7"
files = [
    {file = "colorama-0.4.6-py2.py3-none-any.whl", hash = "sha256:4f1d9991f5acc0ca119f9d443620b77f9d6b33703e51011c16baf57afb285fc6"},
    {file = "colorama-0.4.6.tar.gz", hash = "sha256:08695f5cb7ed6e0531a20572697297273c47b8cae5a63ffc6d6ed5c201be6e44"},
]

[[package]]
name = "future-typing"
version = "0.4.1"
description = "Use generic type hints and new union syntax `|` with python 3.6+"
optional = false
python-versions = ">=3.6"
files = [
    {file = "future_typing-0.4.1-py3-none-any.whl", hash = "sha256:af19e06b7fe6fdfb8d83c265a2688cba9ac74b0a6a2dac14c268910ecd14ac8d"},
    {file = "future_typing-0.4.1.tar.gz", hash = "sha256:65fdc5034a95db212790fee5e977fb0a2df8deb60dccf3bac17d6d2b1a9bbacd"},
]

[package.extras]
dev = ["pre-commit (==2.12.1)"]
test = ["black (==21.5b1)", "flake8 (==3.9.2)", "isort (==5.8.0)", "mypy (==0.812)", "pytest (==6.2.4)", "pytest-cov (==2.11.1)", "typing-extensions (==3.10.0.0)"]

[[package]]
name = "inflection"
version = "0.5.1"
description = "A port of Ruby on Rails inflector to Python"
optional = false
python-versions = ">=3.5"
files = [
    {file = "inflection-0.5.1-py2.py3-none-any.whl", hash = "sha256:f38b2b640938a4f35ade69ac3d053042959b62a0f1076a5bbaa1b9526605a8a2"},
    {file = "inflection-0.5.1.tar.gz", hash = "sha256:1a29730d366e996aaacffb2f1f1cb9593dc38e2ddd30c91250c6dde09ea9b417"},
]

[[package]]
name = "iniconfig"
version = "2.0.0"
description = "brain-dead simple config-ini parsing"
optional = false
python-versions = ">=3.7"
files = [
    {file = "iniconfig-2.0.0-py3-none-any.whl", hash = "sha256:b6a85871a79d2e3b22d2d1b94ac2824226a63c6b741c88f7ae975f18b6778374"},
    {file = "iniconfig-2.0.0.tar.gz", hash = "sha256:2d91e135bf72d31a410b17c16da610a82cb55f6b0477d1a902134b24a455b8b3"},
]

[[package]]
name = "orjson"
version = "3.9.10"
description = "Fast, correct Python JSON library supporting dataclasses, datetimes, and numpy"
optional = false
python-versions = ">=3.8"
files = [
    {file = "orjson-3.9.10-cp310-cp310-macosx_10_15_x86_64.macosx_11_0_arm64.macosx_10_15_universal2.whl", hash = "sha256:c18a4da2f50050a03d1da5317388ef84a16013302a5281d6f64e4a3f406aabc4"},
    {file = "orjson-3.9.10-cp310-cp310-manylinux_2_17_aarch64.manylinux2014_aarch64.whl", hash = "sha256:5148bab4d71f58948c7c39d12b14a9005b6ab35a0bdf317a8ade9a9e4d9d0bd5"},
    {file = "orjson-3.9.10-cp310-cp310-manylinux_2_17_armv7l.manylinux2014_armv7l.whl", hash = "sha256:4cf7837c3b11a2dfb589f8530b3cff2bd0307ace4c301e8997e95c7468c1378e"},
    {file = "orjson-3.9.10-cp310-cp310-manylinux_2_17_ppc64le.manylinux2014_ppc64le.whl", hash = "sha256:c62b6fa2961a1dcc51ebe88771be5319a93fd89bd247c9ddf732bc250507bc2b"},
    {file = "orjson-3.9.10-cp310-cp310-manylinux_2_17_s390x.manylinux2014_s390x.whl", hash = "sha256:deeb3922a7a804755bbe6b5be9b312e746137a03600f488290318936c1a2d4dc"},
    {file = "orjson-3.9.10-cp310-cp310-manylinux_2_17_x86_64.manylinux2014_x86_64.whl", hash = "sha256:1234dc92d011d3554d929b6cf058ac4a24d188d97be5e04355f1b9223e98bbe9"},
    {file = "orjson-3.9.10-cp310-cp310-musllinux_1_1_aarch64.whl", hash = "sha256:06ad5543217e0e46fd7ab7ea45d506c76f878b87b1b4e369006bdb01acc05a83"},
    {file = "orjson-3.9.10-cp310-cp310-musllinux_1_1_x86_64.whl", hash = "sha256:4fd72fab7bddce46c6826994ce1e7de145ae1e9e106ebb8eb9ce1393ca01444d"},
    {file = "orjson-3.9.10-cp310-none-win32.whl", hash = "sha256:b5b7d4a44cc0e6ff98da5d56cde794385bdd212a86563ac321ca64d7f80c80d1"},
    {file = "orjson-3.9.10-cp310-none-win_amd64.whl", hash = "sha256:61804231099214e2f84998316f3238c4c2c4aaec302df12b21a64d72e2a135c7"},
    {file = "orjson-3.9.10-cp311-cp311-macosx_10_15_x86_64.macosx_11_0_arm64.macosx_10_15_universal2.whl", hash = "sha256:cff7570d492bcf4b64cc862a6e2fb77edd5e5748ad715f487628f102815165e9"},
    {file = "orjson-3.9.10-cp311-cp311-manylinux_2_17_aarch64.manylinux2014_aarch64.whl", hash = "sha256:ed8bc367f725dfc5cabeed1ae079d00369900231fbb5a5280cf0736c30e2adf7"},
    {file = "orjson-3.9.10-cp311-cp311-manylinux_2_17_armv7l.manylinux2014_armv7l.whl", hash = "sha256:c812312847867b6335cfb264772f2a7e85b3b502d3a6b0586aa35e1858528ab1"},
    {file = "orjson-3.9.10-cp311-cp311-manylinux_2_17_ppc64le.manylinux2014_ppc64le.whl", hash = "sha256:9edd2856611e5050004f4722922b7b1cd6268da34102667bd49d2a2b18bafb81"},
    {file = "orjson-3.9.10-cp311-cp311-manylinux_2_17_s390x.manylinux2014_s390x.whl", hash = "sha256:674eb520f02422546c40401f4efaf8207b5e29e420c17051cddf6c02783ff5ca"},
    {file = "orjson-3.9.10-cp311-cp311-manylinux_2_17_x86_64.manylinux2014_x86_64.whl", hash = "sha256:1d0dc4310da8b5f6415949bd5ef937e60aeb0eb6b16f95041b5e43e6200821fb"},
    {file = "orjson-3.9.10-cp311-cp311-musllinux_1_1_aarch64.whl", hash = "sha256:e99c625b8c95d7741fe057585176b1b8783d46ed4b8932cf98ee145c4facf499"},
    {file = "orjson-3.9.10-cp311-cp311-musllinux_1_1_x86_64.whl", hash = "sha256:ec6f18f96b47299c11203edfbdc34e1b69085070d9a3d1f302810cc23ad36bf3"},
    {file = "orjson-3.9.10-cp311-none-win32.whl", hash = "sha256:ce0a29c28dfb8eccd0f16219360530bc3cfdf6bf70ca384dacd36e6c650ef8e8"},
    {file = "orjson-3.9.10-cp311-none-win_amd64.whl", hash = "sha256:cf80b550092cc480a0cbd0750e8189247ff45457e5a023305f7ef1bcec811616"},
    {file = "orjson-3.9.10-cp312-cp312-macosx_10_15_x86_64.macosx_11_0_arm64.macosx_10_15_universal2.whl", hash = "sha256:602a8001bdf60e1a7d544be29c82560a7b49319a0b31d62586548835bbe2c862"},
    {file = "orjson-3.9.10-cp312-cp312-manylinux_2_17_aarch64.manylinux2014_aarch64.whl", hash = "sha256:f295efcd47b6124b01255d1491f9e46f17ef40d3d7eabf7364099e463fb45f0f"},
    {file = "orjson-3.9.10-cp312-cp312-manylinux_2_17_armv7l.manylinux2014_armv7l.whl", hash = "sha256:92af0d00091e744587221e79f68d617b432425a7e59328ca4c496f774a356071"},
    {file = "orjson-3.9.10-cp312-cp312-manylinux_2_17_ppc64le.manylinux2014_ppc64le.whl", hash = "sha256:c5a02360e73e7208a872bf65a7554c9f15df5fe063dc047f79738998b0506a14"},
    {file = "orjson-3.9.10-cp312-cp312-manylinux_2_17_s390x.manylinux2014_s390x.whl", hash = "sha256:858379cbb08d84fe7583231077d9a36a1a20eb72f8c9076a45df8b083724ad1d"},
    {file = "orjson-3.9.10-cp312-cp312-manylinux_2_17_x86_64.manylinux2014_x86_64.whl", hash = "sha256:666c6fdcaac1f13eb982b649e1c311c08d7097cbda24f32612dae43648d8db8d"},
    {file = "orjson-3.9.10-cp312-cp312-musllinux_1_1_aarch64.whl", hash = "sha256:3fb205ab52a2e30354640780ce4587157a9563a68c9beaf52153e1cea9aa0921"},
    {file = "orjson-3.9.10-cp312-cp312-musllinux_1_1_x86_64.whl", hash = "sha256:7ec960b1b942ee3c69323b8721df2a3ce28ff40e7ca47873ae35bfafeb4555ca"},
    {file = "orjson-3.9.10-cp312-none-win_amd64.whl", hash = "sha256:3e892621434392199efb54e69edfff9f699f6cc36dd9553c5bf796058b14b20d"},
    {file = "orjson-3.9.10-cp38-cp38-macosx_10_15_x86_64.macosx_11_0_arm64.macosx_10_15_universal2.whl", hash = "sha256:8b9ba0ccd5a7f4219e67fbbe25e6b4a46ceef783c42af7dbc1da548eb28b6531"},
    {file = "orjson-3.9.10-cp38-cp38-manylinux_2_17_aarch64.manylinux2014_aarch64.whl", hash = "sha256:2e2ecd1d349e62e3960695214f40939bbfdcaeaaa62ccc638f8e651cf0970e5f"},
    {file = "orjson-3.9.10-cp38-cp38-manylinux_2_17_armv7l.manylinux2014_armv7l.whl", hash = "sha256:7f433be3b3f4c66016d5a20e5b4444ef833a1f802ced13a2d852c637f69729c1"},
    {file = "orjson-3.9.10-cp38-cp38-manylinux_2_17_ppc64le.manylinux2014_ppc64le.whl", hash = "sha256:4689270c35d4bb3102e103ac43c3f0b76b169760aff8bcf2d401a3e0e58cdb7f"},
    {file = "orjson-3.9.10-cp38-cp38-manylinux_2_17_s390x.manylinux2014_s390x.whl", hash = "sha256:4bd176f528a8151a6efc5359b853ba3cc0e82d4cd1fab9c1300c5d957dc8f48c"},
    {file = "orjson-3.9.10-cp38-cp38-manylinux_2_17_x86_64.manylinux2014_x86_64.whl", hash = "sha256:3a2ce5ea4f71681623f04e2b7dadede3c7435dfb5e5e2d1d0ec25b35530e277b"},
    {file = "orjson-3.9.10-cp38-cp38-musllinux_1_1_aarch64.whl", hash = "sha256:49f8ad582da6e8d2cf663c4ba5bf9f83cc052570a3a767487fec6af839b0e777"},
    {file = "orjson-3.9.10-cp38-cp38-musllinux_1_1_x86_64.whl", hash = "sha256:2a11b4b1a8415f105d989876a19b173f6cdc89ca13855ccc67c18efbd7cbd1f8"},
    {file = "orjson-3.9.10-cp38-none-win32.whl", hash = "sha256:a353bf1f565ed27ba71a419b2cd3db9d6151da426b61b289b6ba1422a702e643"},
    {file = "orjson-3.9.10-cp38-none-win_amd64.whl", hash = "sha256:e28a50b5be854e18d54f75ef1bb13e1abf4bc650ab9d635e4258c58e71eb6ad5"},
    {file = "orjson-3.9.10-cp39-cp39-macosx_10_15_x86_64.macosx_11_0_arm64.macosx_10_15_universal2.whl", hash = "sha256:ee5926746232f627a3be1cc175b2cfad24d0170d520361f4ce3fa2fd83f09e1d"},
    {file = "orjson-3.9.10-cp39-cp39-manylinux_2_17_aarch64.manylinux2014_aarch64.whl", hash = "sha256:0a73160e823151f33cdc05fe2cea557c5ef12fdf276ce29bb4f1c571c8368a60"},
    {file = "orjson-3.9.10-cp39-cp39-manylinux_2_17_armv7l.manylinux2014_armv7l.whl", hash = "sha256:c338ed69ad0b8f8f8920c13f529889fe0771abbb46550013e3c3d01e5174deef"},
    {file = "orjson-3.9.10-cp39-cp39-manylinux_2_17_ppc64le.manylinux2014_ppc64le.whl", hash = "sha256:5869e8e130e99687d9e4be835116c4ebd83ca92e52e55810962446d841aba8de"},
    {file = "orjson-3.9.10-cp39-cp39-manylinux_2_17_s390x.manylinux2014_s390x.whl", hash = "sha256:d2c1e559d96a7f94a4f581e2a32d6d610df5840881a8cba8f25e446f4d792df3"},
    {file = "orjson-3.9.10-cp39-cp39-manylinux_2_17_x86_64.manylinux2014_x86_64.whl", hash = "sha256:81a3a3a72c9811b56adf8bcc829b010163bb2fc308877e50e9910c9357e78521"},
    {file = "orjson-3.9.10-cp39-cp39-musllinux_1_1_aarch64.whl", hash = "sha256:7f8fb7f5ecf4f6355683ac6881fd64b5bb2b8a60e3ccde6ff799e48791d8f864"},
    {file = "orjson-3.9.10-cp39-cp39-musllinux_1_1_x86_64.whl", hash = "sha256:c943b35ecdf7123b2d81d225397efddf0bce2e81db2f3ae633ead38e85cd5ade"},
    {file = "orjson-3.9.10-cp39-none-win32.whl", hash = "sha256:fb0b361d73f6b8eeceba47cd37070b5e6c9de5beaeaa63a1cb35c7e1a73ef088"},
    {file = "orjson-3.9.10-cp39-none-win_amd64.whl", hash = "sha256:b90f340cb6397ec7a854157fac03f0c82b744abdd1c0941a024c3c29d1340aff"},
    {file = "orjson-3.9.10.tar.gz", hash = "sha256:9ebbdbd6a046c304b1845e96fbcc5559cd296b4dfd3ad2509e33c4d9ce07d6a1"},
]

[[package]]
name = "packaging"
version = "23.2"
description = "Core utilities for Python packages"
optional = false
python-versions = ">=3.7"
files = [
    {file = "packaging-23.2-py3-none-any.whl", hash = "sha256:8c491190033a9af7e1d931d0b5dacc2ef47509b34dd0de67ed209b5203fc88c7"},
    {file = "packaging-23.2.tar.gz", hash = "sha256:048fb0e9405036518eaaf48a55953c750c11e1a1b68e0dd1a9d62ed0c092cfc5"},
]

[[package]]
name = "pendulum"
version = "2.1.2"
description = "Python datetimes made easy"
optional = false
python-versions = ">=2.7, !=3.0.*, !=3.1.*, !=3.2.*, !=3.3.*, !=3.4.*"
files = [
    {file = "pendulum-2.1.2-cp27-cp27m-macosx_10_15_x86_64.whl", hash = "sha256:b6c352f4bd32dff1ea7066bd31ad0f71f8d8100b9ff709fb343f3b86cee43efe"},
    {file = "pendulum-2.1.2-cp27-cp27m-win_amd64.whl", hash = "sha256:318f72f62e8e23cd6660dbafe1e346950281a9aed144b5c596b2ddabc1d19739"},
    {file = "pendulum-2.1.2-cp35-cp35m-macosx_10_15_x86_64.whl", hash = "sha256:0731f0c661a3cb779d398803655494893c9f581f6488048b3fb629c2342b5394"},
    {file = "pendulum-2.1.2-cp35-cp35m-manylinux1_i686.whl", hash = "sha256:3481fad1dc3f6f6738bd575a951d3c15d4b4ce7c82dce37cf8ac1483fde6e8b0"},
    {file = "pendulum-2.1.2-cp35-cp35m-manylinux1_x86_64.whl", hash = "sha256:9702069c694306297ed362ce7e3c1ef8404ac8ede39f9b28b7c1a7ad8c3959e3"},
    {file = "pendulum-2.1.2-cp35-cp35m-win_amd64.whl", hash = "sha256:fb53ffa0085002ddd43b6ca61a7b34f2d4d7c3ed66f931fe599e1a531b42af9b"},
    {file = "pendulum-2.1.2-cp36-cp36m-macosx_10_15_x86_64.whl", hash = "sha256:c501749fdd3d6f9e726086bf0cd4437281ed47e7bca132ddb522f86a1645d360"},
    {file = "pendulum-2.1.2-cp36-cp36m-manylinux1_i686.whl", hash = "sha256:c807a578a532eeb226150d5006f156632df2cc8c5693d778324b43ff8c515dd0"},
    {file = "pendulum-2.1.2-cp36-cp36m-manylinux1_x86_64.whl", hash = "sha256:2d1619a721df661e506eff8db8614016f0720ac171fe80dda1333ee44e684087"},
    {file = "pendulum-2.1.2-cp36-cp36m-win_amd64.whl", hash = "sha256:f888f2d2909a414680a29ae74d0592758f2b9fcdee3549887779cd4055e975db"},
    {file = "pendulum-2.1.2-cp37-cp37m-macosx_10_15_x86_64.whl", hash = "sha256:e95d329384717c7bf627bf27e204bc3b15c8238fa8d9d9781d93712776c14002"},
    {file = "pendulum-2.1.2-cp37-cp37m-manylinux1_i686.whl", hash = "sha256:4c9c689747f39d0d02a9f94fcee737b34a5773803a64a5fdb046ee9cac7442c5"},
    {file = "pendulum-2.1.2-cp37-cp37m-manylinux1_x86_64.whl", hash = "sha256:1245cd0075a3c6d889f581f6325dd8404aca5884dea7223a5566c38aab94642b"},
    {file = "pendulum-2.1.2-cp37-cp37m-win_amd64.whl", hash = "sha256:db0a40d8bcd27b4fb46676e8eb3c732c67a5a5e6bfab8927028224fbced0b40b"},
    {file = "pendulum-2.1.2-cp38-cp38-macosx_10_15_x86_64.whl", hash = "sha256:f5e236e7730cab1644e1b87aca3d2ff3e375a608542e90fe25685dae46310116"},
    {file = "pendulum-2.1.2-cp38-cp38-manylinux1_i686.whl", hash = "sha256:de42ea3e2943171a9e95141f2eecf972480636e8e484ccffaf1e833929e9e052"},
    {file = "pendulum-2.1.2-cp38-cp38-manylinux1_x86_64.whl", hash = "sha256:7c5ec650cb4bec4c63a89a0242cc8c3cebcec92fcfe937c417ba18277d8560be"},
    {file = "pendulum-2.1.2-cp38-cp38-win_amd64.whl", hash = "sha256:33fb61601083f3eb1d15edeb45274f73c63b3c44a8524703dc143f4212bf3269"},
    {file = "pendulum-2.1.2-cp39-cp39-manylinux1_i686.whl", hash = "sha256:29c40a6f2942376185728c9a0347d7c0f07905638c83007e1d262781f1e6953a"},
    {file = "pendulum-2.1.2-cp39-cp39-manylinux1_x86_64.whl", hash = "sha256:94b1fc947bfe38579b28e1cccb36f7e28a15e841f30384b5ad6c5e31055c85d7"},
    {file = "pendulum-2.1.2.tar.gz", hash = "sha256:b06a0ca1bfe41c990bbf0c029f0b6501a7f2ec4e38bfec730712015e8860f207"},
]

[package.dependencies]
python-dateutil = ">=2.6,<3.0"
pytzdata = ">=2020.1"

[[package]]
name = "pluggy"
version = "1.3.0"
description = "plugin and hook calling mechanisms for python"
optional = false
python-versions = ">=3.8"
files = [
    {file = "pluggy-1.3.0-py3-none-any.whl", hash = "sha256:d89c696a773f8bd377d18e5ecda92b7a3793cbe66c87060a6fb58c7b6e1061f7"},
    {file = "pluggy-1.3.0.tar.gz", hash = "sha256:cf61ae8f126ac6f7c451172cf30e3e43d3ca77615509771b3a984a0730651e12"},
]

[package.extras]
dev = ["pre-commit", "tox"]
testing = ["pytest", "pytest-benchmark"]

[[package]]
name = "psycopg"
version = "3.1.13"
description = "PostgreSQL database adapter for Python"
optional = false
python-versions = ">=3.7"
files = [
    {file = "psycopg-3.1.13-py3-none-any.whl", hash = "sha256:1253010894cfb64e2da4556d4eff5f05e45cafee641f64e02453be849c8f7687"},
    {file = "psycopg-3.1.13.tar.gz", hash = "sha256:e6d047ce16950651d6e26c7c19ca57cc42e1d4841b58729f691244baeee46e30"},
]

[package.dependencies]
psycopg-binary = {version = "3.1.13", optional = true, markers = "extra == \"binary\""}
psycopg-pool = {version = "*", optional = true, markers = "extra == \"pool\""}
typing-extensions = ">=4.1"
tzdata = {version = "*", markers = "sys_platform == \"win32\""}

[package.extras]
binary = ["psycopg-binary (==3.1.13)"]
c = ["psycopg-c (==3.1.13)"]
dev = ["black (>=23.1.0)", "dnspython (>=2.1)", "flake8 (>=4.0)", "mypy (>=1.4.1)", "types-setuptools (>=57.4)", "wheel (>=0.37)"]
docs = ["Sphinx (>=5.0)", "furo (==2022.6.21)", "sphinx-autobuild (>=2021.3.14)", "sphinx-autodoc-typehints (>=1.12)"]
pool = ["psycopg-pool"]
test = ["anyio (>=3.6.2,<4.0)", "mypy (>=1.4.1)", "pproxy (>=2.7)", "pytest (>=6.2.5)", "pytest-cov (>=3.0)", "pytest-randomly (>=3.5)"]

[[package]]
name = "psycopg-binary"
version = "3.1.13"
description = "PostgreSQL database adapter for Python -- C optimisation distribution"
optional = false
python-versions = ">=3.7"
files = [
    {file = "psycopg_binary-3.1.13-cp310-cp310-macosx_10_9_x86_64.whl", hash = "sha256:2cebf20e3c63e9fd5bb73a644b1327fed3f9496c394aec559a49f77ac0772fe2"},
    {file = "psycopg_binary-3.1.13-cp310-cp310-macosx_11_0_arm64.whl", hash = "sha256:323e6b2caedcb81a57e7b563d31b7cdb2b12aa29f641c3f4a8d071b96cdfafbe"},
    {file = "psycopg_binary-3.1.13-cp310-cp310-manylinux_2_17_aarch64.manylinux2014_aarch64.whl", hash = "sha256:eac64d6b11e0ea9cadaaa3eda30ac3406c46561b1c482113bbdd7e64446a96e1"},
    {file = "psycopg_binary-3.1.13-cp310-cp310-manylinux_2_17_i686.manylinux2014_i686.whl", hash = "sha256:ae25d20847962f1800dc1d24e8b22876f736ce3076d923db9d902522c21498a8"},
    {file = "psycopg_binary-3.1.13-cp310-cp310-manylinux_2_17_ppc64le.manylinux2014_ppc64le.whl", hash = "sha256:1ed5c7ca4a0b241b4360c90cae961156f0c2a6c2822fb61f68076b928650b523"},
    {file = "psycopg_binary-3.1.13-cp310-cp310-manylinux_2_17_x86_64.manylinux2014_x86_64.whl", hash = "sha256:7104f8e508d02532d2796563ed6c49a47d24935192f1c13a5b54f3cd78f5686a"},
    {file = "psycopg_binary-3.1.13-cp310-cp310-musllinux_1_1_aarch64.whl", hash = "sha256:7b4e12ced8c8be2cd8d164d26c247c43713ba3e8c303a2b6334830bd081ace4b"},
    {file = "psycopg_binary-3.1.13-cp310-cp310-musllinux_1_1_i686.whl", hash = "sha256:31d00c5ad42ec6a7f5365dc2ada0ac1597741e49781aa49a9c0db708a68b07f5"},
    {file = "psycopg_binary-3.1.13-cp310-cp310-musllinux_1_1_ppc64le.whl", hash = "sha256:c574e8e418fc98fcce054e24b3ea274e9ccbcf5310e47db8d5c07834e22bfa15"},
    {file = "psycopg_binary-3.1.13-cp310-cp310-musllinux_1_1_x86_64.whl", hash = "sha256:8adf7af9a92d3b4cb849a79604735512d15fe51497a6b8a9accfe480b656a2a8"},
    {file = "psycopg_binary-3.1.13-cp310-cp310-win_amd64.whl", hash = "sha256:c7cc4a583e279c6aa11aad41c99067e84477debd4501bac08c74539ddcebd4e3"},
    {file = "psycopg_binary-3.1.13-cp311-cp311-macosx_10_9_x86_64.whl", hash = "sha256:770f16be9c0b542ae31c68204b4fb06e1484398a71ca9d9826cf37e6f6aa7973"},
    {file = "psycopg_binary-3.1.13-cp311-cp311-macosx_11_0_arm64.whl", hash = "sha256:d5b82e82ed025ca09449a97323f82db10edf31dc2a96b021b42fcf351cb95b56"},
    {file = "psycopg_binary-3.1.13-cp311-cp311-manylinux_2_17_aarch64.manylinux2014_aarch64.whl", hash = "sha256:95f62d0140b47a71aed55ff52eaae81a134ffc047cffdf73c564aebbc3259b9e"},
    {file = "psycopg_binary-3.1.13-cp311-cp311-manylinux_2_17_i686.manylinux2014_i686.whl", hash = "sha256:4cccc2b2516ed00bfffd3d5eb8d29f0983ae57b1273c026c6a914125d2519be6"},
    {file = "psycopg_binary-3.1.13-cp311-cp311-manylinux_2_17_ppc64le.manylinux2014_ppc64le.whl", hash = "sha256:dbba364e29522d8e073c968f30e67e4018a596270244ebf64ed4e59b759492d6"},
    {file = "psycopg_binary-3.1.13-cp311-cp311-manylinux_2_17_x86_64.manylinux2014_x86_64.whl", hash = "sha256:2aca6b55ef50911a0b05ec71b3ec749487813ac08085f260ad3caccbd7ecbb62"},
    {file = "psycopg_binary-3.1.13-cp311-cp311-musllinux_1_1_aarch64.whl", hash = "sha256:152e01605305aede07fe00eebd5f1f4792452efc13f017ae871e88b2fb8bf562"},
    {file = "psycopg_binary-3.1.13-cp311-cp311-musllinux_1_1_i686.whl", hash = "sha256:d38b5b490e34e9b90e3734a84b546a33c39a69dbd3687d700ca2908c6389cb7f"},
    {file = "psycopg_binary-3.1.13-cp311-cp311-musllinux_1_1_ppc64le.whl", hash = "sha256:5a432c14c9f732345be2dcd94a1287affa562b98ffc6620863181ce15d3e5089"},
    {file = "psycopg_binary-3.1.13-cp311-cp311-musllinux_1_1_x86_64.whl", hash = "sha256:86919233d4293f01e0e00ec449746bd46803624e3bb52dd90831a4f3b2959bd8"},
    {file = "psycopg_binary-3.1.13-cp311-cp311-win_amd64.whl", hash = "sha256:dea1c83d5f77651cb88d4726c1a4a4726d2712454081e016191d566de20def99"},
    {file = "psycopg_binary-3.1.13-cp312-cp312-macosx_10_9_x86_64.whl", hash = "sha256:31db5f96438408a8b61ae487d29a11c4a7730b2e9e0857743ce99595fda1a148"},
    {file = "psycopg_binary-3.1.13-cp312-cp312-macosx_11_0_arm64.whl", hash = "sha256:da6e9b00c058557c5a0ba198f4fb7838863a0f88cafbf65c079c7c2e7d57d753"},
    {file = "psycopg_binary-3.1.13-cp312-cp312-manylinux_2_17_aarch64.manylinux2014_aarch64.whl", hash = "sha256:18f207da55a5b2a5a828e4ea46ff3253bd641f79f45844a42ae981a94181b87c"},
    {file = "psycopg_binary-3.1.13-cp312-cp312-manylinux_2_17_i686.manylinux2014_i686.whl", hash = "sha256:df292c11b66172b61ef16f6dffbf7363cbad873ff8c79a785c49fb237db4e720"},
    {file = "psycopg_binary-3.1.13-cp312-cp312-manylinux_2_17_ppc64le.manylinux2014_ppc64le.whl", hash = "sha256:24866bd53f138d7aff9e88d2e52d6f205d974fe98788cc69d954cde60a76f2f1"},
    {file = "psycopg_binary-3.1.13-cp312-cp312-manylinux_2_17_x86_64.manylinux2014_x86_64.whl", hash = "sha256:a875ec279b8cd34562963cc89f71b290cc0d65c7c1dd9f8ff53679ca52fbec2f"},
    {file = "psycopg_binary-3.1.13-cp312-cp312-musllinux_1_1_aarch64.whl", hash = "sha256:22aa5381db8e499b5a8489e1f6437c5e171eca476f975c138d6413ff15b66cfa"},
    {file = "psycopg_binary-3.1.13-cp312-cp312-musllinux_1_1_i686.whl", hash = "sha256:ed05b5831146d648e43860670b2bc200eaa1bc0a8f744faeb8dd39d4de648bc5"},
    {file = "psycopg_binary-3.1.13-cp312-cp312-musllinux_1_1_ppc64le.whl", hash = "sha256:51e4f98a48ddf41a0634a202e89b08448979b9cc88bd1a74207301b05db4c572"},
    {file = "psycopg_binary-3.1.13-cp312-cp312-musllinux_1_1_x86_64.whl", hash = "sha256:6bf92d298a5fff2477f8dd030fdaad84c8420e03fe76f175675ba3ac44e647f0"},
    {file = "psycopg_binary-3.1.13-cp312-cp312-win_amd64.whl", hash = "sha256:eb49604d27dfe7ea8560f5fdbde667049f961273b64ec1d6c09df4b2c3e83256"},
    {file = "psycopg_binary-3.1.13-cp37-cp37m-macosx_10_9_x86_64.whl", hash = "sha256:e77d6f9df9eb6c7c6ee3123b9cb97b504201d89bb5821314dc22e9f09e30601e"},
    {file = "psycopg_binary-3.1.13-cp37-cp37m-manylinux_2_17_aarch64.manylinux2014_aarch64.whl", hash = "sha256:852fa34c9a6fbb1b984aaa88dc1b42059e7e629582d0e81739c8568be66c4be0"},
    {file = "psycopg_binary-3.1.13-cp37-cp37m-manylinux_2_17_i686.manylinux2014_i686.whl", hash = "sha256:bbdcfe98607f1a9ae988aab817ebb6d27dd689dec928977e093b6b44e840859e"},
    {file = "psycopg_binary-3.1.13-cp37-cp37m-manylinux_2_17_ppc64le.manylinux2014_ppc64le.whl", hash = "sha256:963887516c8739ace8a69504d03c8c3b9a22e7194c42a0912031d1ac93cd3869"},
    {file = "psycopg_binary-3.1.13-cp37-cp37m-manylinux_2_17_x86_64.manylinux2014_x86_64.whl", hash = "sha256:9b022d2dcab5e2323b6268aa1db452c634e6f0d5ea9ec9a671b47f32e77b4ca2"},
    {file = "psycopg_binary-3.1.13-cp37-cp37m-musllinux_1_1_aarch64.whl", hash = "sha256:f6c6bff712d9e1a103cc23fc2c89833a69ed049261e390cadb68d2d42edeedea"},
    {file = "psycopg_binary-3.1.13-cp37-cp37m-musllinux_1_1_i686.whl", hash = "sha256:ae041fbdacd65d6cd9112980215111327dab1376b9a4a643c0a805758d907e7a"},
    {file = "psycopg_binary-3.1.13-cp37-cp37m-musllinux_1_1_ppc64le.whl", hash = "sha256:af6d9892fe107d9a8068fb89041d89191115693ee71613397b019547e003282d"},
    {file = "psycopg_binary-3.1.13-cp37-cp37m-musllinux_1_1_x86_64.whl", hash = "sha256:296c24fe09ef5561aa5fed06a1a06753a1a17b2f3a908bcf6a5ad78575ab5ce5"},
    {file = "psycopg_binary-3.1.13-cp37-cp37m-win_amd64.whl", hash = "sha256:8a8c778b299626827400ea9ebfb962f2bff048bfa16aeffa2c4bc9d79d84a1cf"},
    {file = "psycopg_binary-3.1.13-cp38-cp38-macosx_10_9_x86_64.whl", hash = "sha256:4d6f3bf6a6ac319c8660c44b22bc63e5bba9085ec7e04b171ceec9bb047ed20f"},
    {file = "psycopg_binary-3.1.13-cp38-cp38-macosx_11_0_arm64.whl", hash = "sha256:44cb86654e0759de040dde495cd6bfe6b5f98b4f94c441f5fcbbdda371c62073"},
    {file = "psycopg_binary-3.1.13-cp38-cp38-manylinux_2_17_aarch64.manylinux2014_aarch64.whl", hash = "sha256:ace2606984c0489a18e9dc455acceb8af1eed64c4afc7db4e7a46f4f77734db2"},
    {file = "psycopg_binary-3.1.13-cp38-cp38-manylinux_2_17_i686.manylinux2014_i686.whl", hash = "sha256:c24927f5442eeb8ab42090c2882ec9208762bb8d7ae999c4916d55d36a68ee00"},
    {file = "psycopg_binary-3.1.13-cp38-cp38-manylinux_2_17_ppc64le.manylinux2014_ppc64le.whl", hash = "sha256:84d01ad4594d05ffb374b56be0331bc3bd8525db07e4e18f70ed8a73e45e4a13"},
    {file = "psycopg_binary-3.1.13-cp38-cp38-manylinux_2_17_x86_64.manylinux2014_x86_64.whl", hash = "sha256:a996e64c4cb61b49432ee81e7486ec94aa1fe369629b88e0dddbe03b76cdc7fb"},
    {file = "psycopg_binary-3.1.13-cp38-cp38-musllinux_1_1_aarch64.whl", hash = "sha256:af37704f0086da8ba3ab724ae770902fed09f25efc94979d38fc73857dfd2ea3"},
    {file = "psycopg_binary-3.1.13-cp38-cp38-musllinux_1_1_i686.whl", hash = "sha256:00e7c7bfa1d4bc9a31ed5da59bc402f29d14cc3156c08a5549998ef74fc54128"},
    {file = "psycopg_binary-3.1.13-cp38-cp38-musllinux_1_1_ppc64le.whl", hash = "sha256:52fa599635789d5a093525d7ac268f00910bae93bb6d896b5d9ad36e87c1b60e"},
    {file = "psycopg_binary-3.1.13-cp38-cp38-musllinux_1_1_x86_64.whl", hash = "sha256:da972ac7d62ee758e8da626d4b7626a13488ed9c0165574e745a02868793f636"},
    {file = "psycopg_binary-3.1.13-cp38-cp38-win_amd64.whl", hash = "sha256:420314039fb004e3459d02430024673984bc098e9fccc17d4c9597cfb9b5ea84"},
    {file = "psycopg_binary-3.1.13-cp39-cp39-macosx_10_9_x86_64.whl", hash = "sha256:4c8cfc2ec46a732912acd9402666d52adcf97205dd7fda984602d46fa51b7199"},
    {file = "psycopg_binary-3.1.13-cp39-cp39-macosx_11_0_arm64.whl", hash = "sha256:535f6c77ef1a4f309fafd13fc910f2138befa0855a1e12979cd838ae54e27dda"},
    {file = "psycopg_binary-3.1.13-cp39-cp39-manylinux_2_17_aarch64.manylinux2014_aarch64.whl", hash = "sha256:f500db8566f69ff81275640132ae96b7c4654c623de4ee29a0d0762b1d68086f"},
    {file = "psycopg_binary-3.1.13-cp39-cp39-manylinux_2_17_i686.manylinux2014_i686.whl", hash = "sha256:5056e5025f6b2733f0ae913029743f40625bda354cd0b0bd00d4e5b04489bbf1"},
    {file = "psycopg_binary-3.1.13-cp39-cp39-manylinux_2_17_ppc64le.manylinux2014_ppc64le.whl", hash = "sha256:a19b69b71e0dadf0a1ee3701eb580e01dd6bfc67c5f017fefb4b039035cd666e"},
    {file = "psycopg_binary-3.1.13-cp39-cp39-manylinux_2_17_x86_64.manylinux2014_x86_64.whl", hash = "sha256:29bbf26240eaf51bc950f3746c7924e9e0d181368c4967602aea75a5a091f8a6"},
    {file = "psycopg_binary-3.1.13-cp39-cp39-musllinux_1_1_aarch64.whl", hash = "sha256:722512f354453134c29df781ed717a79a953a1f2742e6388aa0cd0ba18e1c796"},
    {file = "psycopg_binary-3.1.13-cp39-cp39-musllinux_1_1_i686.whl", hash = "sha256:0ab0b9118f5ba650d6aefd0d4dcbfbd36dfb415f0022a5f413d69b934a31a8a8"},
    {file = "psycopg_binary-3.1.13-cp39-cp39-musllinux_1_1_ppc64le.whl", hash = "sha256:ad4e691483fb7b88dde237c7c7e9691322e7ceccd35f23f4b27e6214b1ef22ae"},
    {file = "psycopg_binary-3.1.13-cp39-cp39-musllinux_1_1_x86_64.whl", hash = "sha256:6a9545c5c9ccbb6ba0c45deb28f4626aade88a8ace36260324b7673965e7df64"},
    {file = "psycopg_binary-3.1.13-cp39-cp39-win_amd64.whl", hash = "sha256:cd9550cfaf47db9eb44207278b9d418de0076df87cf3a2ea99bc123bd8d379c7"},
]

[[package]]
name = "psycopg-pool"
version = "3.2.0"
description = "Connection Pool for Psycopg"
optional = false
python-versions = ">=3.8"
files = [
    {file = "psycopg-pool-3.2.0.tar.gz", hash = "sha256:2e857bb6c120d012dba240e30e5dff839d2d69daf3e962127ce6b8e40594170e"},
    {file = "psycopg_pool-3.2.0-py3-none-any.whl", hash = "sha256:73371d4e795d9363c7b496cbb2dfce94ee8fbf2dcdc384d0a937d1d9d8bdd08d"},
]

[package.dependencies]
typing-extensions = ">=3.10"

[[package]]
name = "pypika"
version = "0.48.9"
description = "A SQL query builder API for Python"
optional = false
python-versions = "*"
files = [
    {file = "PyPika-0.48.9.tar.gz", hash = "sha256:838836a61747e7c8380cd1b7ff638694b7a7335345d0f559b04b2cd832ad5378"},
]

[[package]]
name = "pytest"
version = "7.4.3"
description = "pytest: simple powerful testing with Python"
optional = false
python-versions = ">=3.7"
files = [
    {file = "pytest-7.4.3-py3-none-any.whl", hash = "sha256:0d009c083ea859a71b76adf7c1d502e4bc170b80a8ef002da5806527b9591fac"},
    {file = "pytest-7.4.3.tar.gz", hash = "sha256:d989d136982de4e3b29dabcc838ad581c64e8ed52c11fbe86ddebd9da0818cd5"},
]

[package.dependencies]
colorama = {version = "*", markers = "sys_platform == \"win32\""}
iniconfig = "*"
packaging = "*"
pluggy = ">=0.12,<2.0"

[package.extras]
testing = ["argcomplete", "attrs (>=19.2.0)", "hypothesis (>=3.56)", "mock", "nose", "pygments (>=2.7.2)", "requests", "setuptools", "xmlschema"]

[[package]]
name = "python-dateutil"
version = "2.8.2"
description = "Extensions to the standard Python datetime module"
optional = false
python-versions = "!=3.0.*,!=3.1.*,!=3.2.*,>=2.7"
files = [
    {file = "python-dateutil-2.8.2.tar.gz", hash = "sha256:0123cacc1627ae19ddf3c27a5de5bd67ee4586fbdd6440d9748f8abb483d3e86"},
    {file = "python_dateutil-2.8.2-py2.py3-none-any.whl", hash = "sha256:961d03dc3453ebbc59dbdea9e4e11c5651520a876d0f4db161e8674aae935da9"},
]

[package.dependencies]
six = ">=1.5"

[[package]]
name = "python-dotenv"
version = "1.0.0"
description = "Read key-value pairs from a .env file and set them as environment variables"
optional = false
python-versions = ">=3.8"
files = [
    {file = "python-dotenv-1.0.0.tar.gz", hash = "sha256:a8df96034aae6d2d50a4ebe8216326c61c3eb64836776504fcca410e5937a3ba"},
    {file = "python_dotenv-1.0.0-py3-none-any.whl", hash = "sha256:f5971a9226b701070a4bf2c38c89e5a3f0d64de8debda981d1db98583009122a"},
]

[package.extras]
cli = ["click (>=5.0)"]

[[package]]
name = "pytzdata"
version = "2020.1"
description = "The Olson timezone database for Python."
optional = false
python-versions = ">=2.7, !=3.0.*, !=3.1.*, !=3.2.*, !=3.3.*"
files = [
    {file = "pytzdata-2020.1-py2.py3-none-any.whl", hash = "sha256:e1e14750bcf95016381e4d472bad004eef710f2d6417240904070b3d6654485f"},
    {file = "pytzdata-2020.1.tar.gz", hash = "sha256:3efa13b335a00a8de1d345ae41ec78dd11c9f8807f522d39850f2dd828681540"},
]

[[package]]
name = "six"
version = "1.16.0"
description = "Python 2 and 3 compatibility utilities"
optional = false
python-versions = ">=2.7, !=3.0.*, !=3.1.*, !=3.2.*"
files = [
    {file = "six-1.16.0-py2.py3-none-any.whl", hash = "sha256:8abb2f1d86890a2dfb989f9a77cfcfd3e47c2a354b01111771326f8aa26e0254"},
    {file = "six-1.16.0.tar.gz", hash = "sha256:1e61c37477a1626458e36f7b1d82aa5c9b094fa4802892072e49de9c60c4c926"},
]

[[package]]
name = "sqlparse"
version = "0.4.4"
description = "A non-validating SQL parser."
optional = false
python-versions = ">=3.5"
files = [
    {file = "sqlparse-0.4.4-py3-none-any.whl", hash = "sha256:5430a4fe2ac7d0f93e66f1efc6e1338a41884b7ddf2a350cedd20ccc4d9d28f3"},
    {file = "sqlparse-0.4.4.tar.gz", hash = "sha256:d446183e84b8349fa3061f0fe7f06ca94ba65b426946ffebe6e3e8295332420c"},
]

[package.extras]
dev = ["build", "flake8"]
doc = ["sphinx"]
test = ["pytest", "pytest-cov"]

[[package]]
name = "typical"
version = "2.8.0"
description = "Typical: Python's Typing Toolkit."
optional = false
python-versions = ">=3.8.1,<4.0"
files = []
develop = false

[package.dependencies]
future-typing = "^0.4.1"
inflection = "^0.5"
pendulum = "^2"
typing-extensions = {version = "^4", markers = "python_version < \"3.12\""}

[package.extras]
json = ["orjson (>=3,<4)"]
schema = ["fastjsonschema (>=2,<3)"]

[package.source]
type = "git"
url = "https://github.com/seandstewart/typical.git"
reference = "v3"
resolved_reference = "d1c1fd5846b2555f39d63f83140d5c805ea15a68"

[[package]]
name = "typing-extensions"
version = "4.8.0"
description = "Backported and Experimental Type Hints for Python 3.8+"
optional = false
python-versions = ">=3.8"
files = [
    {file = "typing_extensions-4.8.0-py3-none-any.whl", hash = "sha256:8f92fc8806f9a6b641eaa5318da32b44d401efaac0f6678c9bc448ba3605faa0"},
    {file = "typing_extensions-4.8.0.tar.gz", hash = "sha256:df8e4339e9cb77357558cbdbceca33c303714cf861d1eef15e1070055ae8b7ef"},
]

[[package]]
name = "tzdata"
version = "2023.3"
description = "Provider of IANA time zone data"
optional = false
python-versions = ">=2"
files = [
    {file = "tzdata-2023.3-py2.py3-none-any.whl", hash = "sha256:7e65763eef3120314099b6939b5546db7adce1e7d6f2e179e3df563c70511eda"},
    {file = "tzdata-2023.3.tar.gz", hash = "sha256:11ef1e08e54acb0d4f95bdb1be05da659673de4acbd21bf9c69e94cc5e907a3a"},
]

[[package]]
name = "yesql"
version = "1.0.0b4"
description = "yesql is a SQL-first data access library that will replace your ORM."
optional = false
python-versions = ">=3.8.1,<4.0"
files = []
develop = false

[package.dependencies]
PyPika = "^0.48"
sqlparse = "^0.4"
typical = "^2.8"

[package.extras]
asyncpg = ["asyncpg (>=0.27,<0.28)", "orjson (>=3,<4)"]
cli = ["black (>=23,<24)"]
psycopg = ["orjson (>=3,<4)", "psycopg[binary,pool] (>=3.1,<4.0)"]

[package.source]
type = "git"
url = "https://github.com/seandstewart/yesql.git"
reference = "HEAD"
resolved_reference = "749df513b9e5b864b2f8f33dbeb2ee9d1687ee1a"

[metadata]
lock-version = "2.0"
python-versions = "^3.11"
content-hash = "b0c2c3009a9da59a816a1a4220274cabb999e42f772be1cd7fbe43aee9f0d76b"
